
Microsoft Visual Studio Solution File, Format Version 12.00
# Visual Studio 2013
VisualStudioVersion = 12.0.31101.0
MinimumVisualStudioVersion = 10.0.40219.1
Project("{FAE04EC0-301F-11D3-BF4B-00C04F79EFBC}") = "DeviceCapabilitiesExt", "DeviceCapabilitiesExt\DeviceCapabilitiesExt.csproj", "{6E47227E-67BC-471F-8A1E-75A7BB6E2D2E}"
EndProject
Project("{2150E333-8FDC-42A3-9474-1A3956D46DE8}") = "App.Test", "App.Test", "{E2911058-5ECF-426A-BE0E-6BFEB065FE38}"
EndProject
Project("{D954291E-2A0B-460D-934E-DC6B0785DB48}") = "App.Test.Shared", "App.Test\App.Test.Shared\App.Test.Shared.shproj", "{1DE437E4-C9BA-49C5-8D90-9F49B16CF832}"
EndProject
Project("{FAE04EC0-301F-11D3-BF4B-00C04F79EFBC}") = "App.Test.Windows", "App.Test\App.Test.Windows\App.Test.Windows.csproj", "{8D5C18E8-3EAC-458B-91C6-3A314D11022D}"
EndProject
Project("{FAE04EC0-301F-11D3-BF4B-00C04F79EFBC}") = "App.Test.WindowsPhone", "App.Test\App.Test.WindowsPhone\App.Test.WindowsPhone.csproj", "{2CF45B47-7D3D-451E-8F3F-FF66AEC9C96D}"
EndProject
Global
	GlobalSection(SharedMSBuildProjectFiles) = preSolution
		App.Test\App.Test.Shared\App.Test.Shared.projitems*{8d5c18e8-3eac-458b-91c6-3a314d11022d}*SharedItemsImports = 4
		App.Test\App.Test.Shared\App.Test.Shared.projitems*{2cf45b47-7d3d-451e-8f3f-ff66aec9c96d}*SharedItemsImports = 4
		App.Test\App.Test.Shared\App.Test.Shared.projitems*{1de437e4-c9ba-49c5-8d90-9f49b16cf832}*SharedItemsImports = 13
	EndGlobalSection
	GlobalSection(SolutionConfigurationPlatforms) = preSolution
		Debug|Any CPU = Debug|Any CPU
		Debug|ARM = Debug|ARM
		Debug|x64 = Debug|x64
		Debug|x86 = Debug|x86
		Release|Any CPU = Release|Any CPU
		Release|ARM = Release|ARM
		Release|x64 = Release|x64
		Release|x86 = Release|x86
	EndGlobalSection
	GlobalSection(ProjectConfigurationPlatforms) = postSolution
		{6E47227E-67BC-471F-8A1E-75A7BB6E2D2E}.Debug|Any CPU.ActiveCfg = Debug|Any CPU
		{6E47227E-67BC-471F-8A1E-75A7BB6E2D2E}.Debug|Any CPU.Build.0 = Debug|Any CPU
		{6E47227E-67BC-471F-8A1E-75A7BB6E2D2E}.Debug|ARM.ActiveCfg = Debug|Any CPU
		{6E47227E-67BC-471F-8A1E-75A7BB6E2D2E}.Debug|x64.ActiveCfg = Debug|Any CPU
		{6E47227E-67BC-471F-8A1E-75A7BB6E2D2E}.Debug|x86.ActiveCfg = Debug|Any CPU
		{6E47227E-67BC-471F-8A1E-75A7BB6E2D2E}.Release|Any CPU.ActiveCfg = Release|Any CPU
		{6E47227E-67BC-471F-8A1E-75A7BB6E2D2E}.Release|Any CPU.Build.0 = Release|Any CPU
		{6E47227E-67BC-471F-8A1E-75A7BB6E2D2E}.Release|ARM.ActiveCfg = Release|Any CPU
		{6E47227E-67BC-471F-8A1E-75A7BB6E2D2E}.Release|x64.ActiveCfg = Release|Any CPU
		{6E47227E-67BC-471F-8A1E-75A7BB6E2D2E}.Release|x86.ActiveCfg = Release|Any CPU
		{8D5C18E8-3EAC-458B-91C6-3A314D11022D}.Debug|Any CPU.ActiveCfg = Debug|Any CPU
		{8D5C18E8-3EAC-458B-91C6-3A314D11022D}.Debug|Any CPU.Build.0 = Debug|Any CPU
		{8D5C18E8-3EAC-458B-91C6-3A314D11022D}.Debug|Any CPU.Deploy.0 = Debug|Any CPU
		{8D5C18E8-3EAC-458B-91C6-3A314D11022D}.Debug|ARM.ActiveCfg = Debug|ARM
		{8D5C18E8-3EAC-458B-91C6-3A314D11022D}.Debug|ARM.Build.0 = Debug|ARM
		{8D5C18E8-3EAC-458B-91C6-3A314D11022D}.Debug|ARM.Deploy.0 = Debug|ARM
		{8D5C18E8-3EAC-458B-91C6-3A314D11022D}.Debug|x64.ActiveCfg = Debug|x64
		{8D5C18E8-3EAC-458B-91C6-3A314D11022D}.Debug|x64.Build.0 = Debug|x64
		{8D5C18E8-3EAC-458B-91C6-3A314D11022D}.Debug|x64.Deploy.0 = Debug|x64
		{8D5C18E8-3EAC-458B-91C6-3A314D11022D}.Debug|x86.ActiveCfg = Debug|x86
		{8D5C18E8-3EAC-458B-91C6-3A314D11022D}.Debug|x86.Build.0 = Debug|x86
		{8D5C18E8-3EAC-458B-91C6-3A314D11022D}.Debug|x86.Deploy.0 = Debug|x86
		{8D5C18E8-3EAC-458B-91C6-3A314D11022D}.Release|Any CPU.ActiveCfg = Release|Any CPU
		{8D5C18E8-3EAC-458B-91C6-3A314D11022D}.Release|Any CPU.Build.0 = Release|Any CPU
		{8D5C18E8-3EAC-458B-91C6-3A314D11022D}.Release|Any CPU.Deploy.0 = Release|Any CPU
		{8D5C18E8-3EAC-458B-91C6-3A314D11022D}.Release|ARM.ActiveCfg = Release|ARM
		{8D5C18E8-3EAC-458B-91C6-3A314D11022D}.Release|ARM.Build.0 = Release|ARM
		{8D5C18E8-3EAC-458B-91C6-3A314D11022D}.Release|ARM.Deploy.0 = Release|ARM
		{8D5C18E8-3EAC-458B-91C6-3A314D11022D}.Release|x64.ActiveCfg = Release|x64
		{8D5C18E8-3EAC-458B-91C6-3A314D11022D}.Release|x64.Build.0 = Release|x64
		{8D5C18E8-3EAC-458B-91C6-3A314D11022D}.Release|x64.Deploy.0 = Release|x64
		{8D5C18E8-3EAC-458B-91C6-3A314D11022D}.Release|x86.ActiveCfg = Release|x86
		{8D5C18E8-3EAC-458B-91C6-3A314D11022D}.Release|x86.Build.0 = Release|x86
		{8D5C18E8-3EAC-458B-91C6-3A314D11022D}.Release|x86.Deploy.0 = Release|x86
		{2CF45B47-7D3D-451E-8F3F-FF66AEC9C96D}.Debug|Any CPU.ActiveCfg = Debug|Any CPU
		{2CF45B47-7D3D-451E-8F3F-FF66AEC9C96D}.Debug|Any CPU.Build.0 = Debug|Any CPU
		{2CF45B47-7D3D-451E-8F3F-FF66AEC9C96D}.Debug|Any CPU.Deploy.0 = Debug|Any CPU
		{2CF45B47-7D3D-451E-8F3F-FF66AEC9C96D}.Debug|ARM.ActiveCfg = Debug|ARM
		{2CF45B47-7D3D-451E-8F3F-FF66AEC9C96D}.Debug|ARM.Build.0 = Debug|ARM
		{2CF45B47-7D3D-451E-8F3F-FF66AEC9C96D}.Debug|ARM.Deploy.0 = Debug|ARM
		{2CF45B47-7D3D-451E-8F3F-FF66AEC9C96D}.Debug|x64.ActiveCfg = Debug|Any CPU
		{2CF45B47-7D3D-451E-8F3F-FF66AEC9C96D}.Debug|x86.ActiveCfg = Debug|x86
		{2CF45B47-7D3D-451E-8F3F-FF66AEC9C96D}.Debug|x86.Build.0 = Debug|x86
		{2CF45B47-7D3D-451E-8F3F-FF66AEC9C96D}.Debug|x86.Deploy.0 = Debug|x86
		{2CF45B47-7D3D-451E-8F3F-FF66AEC9C96D}.Release|Any CPU.ActiveCfg = Release|Any CPU
		{2CF45B47-7D3D-451E-8F3F-FF66AEC9C96D}.Release|Any CPU.Build.0 = Release|Any CPU
		{2CF45B47-7D3D-451E-8F3F-FF66AEC9C96D}.Release|Any CPU.Deploy.0 = Release|Any CPU
		{2CF45B47-7D3D-451E-8F3F-FF66AEC9C96D}.Release|ARM.ActiveCfg = Release|ARM
		{2CF45B47-7D3D-451E-8F3F-FF66AEC9C96D}.Release|ARM.Build.0 = Release|ARM
		{2CF45B47-7D3D-451E-8F3F-FF66AEC9C96D}.Release|ARM.Deploy.0 = Release|ARM
		{2CF45B47-7D3D-451E-8F3F-FF66AEC9C96D}.Release|x64.ActiveCfg = Release|Any CPU
		{2CF45B47-7D3D-451E-8F3F-FF66AEC9C96D}.Release|x86.ActiveCfg = Release|x86
		{2CF45B47-7D3D-451E-8F3F-FF66AEC9C96D}.Release|x86.Build.0 = Release|x86
		{2CF45B47-7D3D-451E-8F3F-FF66AEC9C96D}.Release|x86.Deploy.0 = Release|x86
	EndGlobalSection
	GlobalSection(SolutionProperties) = preSolution
		HideSolutionNode = FALSE
	EndGlobalSection
	GlobalSection(NestedProjects) = preSolution
		{1DE437E4-C9BA-49C5-8D90-9F49B16CF832} = {E2911058-5ECF-426A-BE0E-6BFEB065FE38}
		{8D5C18E8-3EAC-458B-91C6-3A314D11022D} = {E2911058-5ECF-426A-BE0E-6BFEB065FE38}
		{2CF45B47-7D3D-451E-8F3F-FF66AEC9C96D} = {E2911058-5ECF-426A-BE0E-6BFEB065FE38}
	EndGlobalSection
EndGlobal
